// !$*UTF8*$!
{
	archiveVersion = 1;
	classes = {
	};
	objectVersion = 55;
	objects = {

/* Begin PBXBuildFile section */
		A741E8022884A21C0029A65C /* SubjectsCollectionViewController.swift in Sources */ = {isa = PBXBuildFile; fileRef = A741E8012884A21C0029A65C /* SubjectsCollectionViewController.swift */; };
		A741E8042884A25C0029A65C /* SubjectsCollectionViewModel.swift in Sources */ = {isa = PBXBuildFile; fileRef = A741E8032884A25C0029A65C /* SubjectsCollectionViewModel.swift */; };
		A745A29D2879F19200BE6C89 /* Realm in Frameworks */ = {isa = PBXBuildFile; productRef = A745A29C2879F19200BE6C89 /* Realm */; };
		A745A29F2879F19200BE6C89 /* RealmSwift in Frameworks */ = {isa = PBXBuildFile; productRef = A745A29E2879F19200BE6C89 /* RealmSwift */; };
		A745A2A62879F30F00BE6C89 /* Entity.swift in Sources */ = {isa = PBXBuildFile; fileRef = A745A2A52879F30F00BE6C89 /* Entity.swift */; };
		A745A2A82879F47500BE6C89 /* Timetable.swift in Sources */ = {isa = PBXBuildFile; fileRef = A745A2A72879F47500BE6C89 /* Timetable.swift */; };
		A745A2AA2879F4C300BE6C89 /* Day.swift in Sources */ = {isa = PBXBuildFile; fileRef = A745A2A92879F4C300BE6C89 /* Day.swift */; };
		A745A2AC2879F4F300BE6C89 /* Subject.swift in Sources */ = {isa = PBXBuildFile; fileRef = A745A2AB2879F4F300BE6C89 /* Subject.swift */; };
		A793483E2879E6C100D3D9E4 /* AppDelegate.swift in Sources */ = {isa = PBXBuildFile; fileRef = A793483D2879E6C100D3D9E4 /* AppDelegate.swift */; };
		A79348402879E6C100D3D9E4 /* SceneDelegate.swift in Sources */ = {isa = PBXBuildFile; fileRef = A793483F2879E6C100D3D9E4 /* SceneDelegate.swift */; };
		A79348452879E6C100D3D9E4 /* Main.storyboard in Resources */ = {isa = PBXBuildFile; fileRef = A79348432879E6C100D3D9E4 /* Main.storyboard */; };
		A79348472879E6C200D3D9E4 /* Assets.xcassets in Resources */ = {isa = PBXBuildFile; fileRef = A79348462879E6C200D3D9E4 /* Assets.xcassets */; };
		A793484A2879E6C200D3D9E4 /* LaunchScreen.storyboard in Resources */ = {isa = PBXBuildFile; fileRef = A79348482879E6C200D3D9E4 /* LaunchScreen.storyboard */; };
/* End PBXBuildFile section */

/* Begin PBXFileReference section */
		A741E8012884A21C0029A65C /* SubjectsCollectionViewController.swift */ = {isa = PBXFileReference; lastKnownFileType = sourcecode.swift; path = SubjectsCollectionViewController.swift; sourceTree = "<group>"; };
		A741E8032884A25C0029A65C /* SubjectsCollectionViewModel.swift */ = {isa = PBXFileReference; lastKnownFileType = sourcecode.swift; path = SubjectsCollectionViewModel.swift; sourceTree = "<group>"; };
		A745A2A52879F30F00BE6C89 /* Entity.swift */ = {isa = PBXFileReference; lastKnownFileType = sourcecode.swift; path = Entity.swift; sourceTree = "<group>"; };
		A745A2A72879F47500BE6C89 /* Timetable.swift */ = {isa = PBXFileReference; lastKnownFileType = sourcecode.swift; path = Timetable.swift; sourceTree = "<group>"; };
		A745A2A92879F4C300BE6C89 /* Day.swift */ = {isa = PBXFileReference; lastKnownFileType = sourcecode.swift; path = Day.swift; sourceTree = "<group>"; };
		A745A2AB2879F4F300BE6C89 /* Subject.swift */ = {isa = PBXFileReference; lastKnownFileType = sourcecode.swift; path = Subject.swift; sourceTree = "<group>"; };
		A793483A2879E6C100D3D9E4 /* UFCPlanning.app */ = {isa = PBXFileReference; explicitFileType = wrapper.application; includeInIndex = 0; path = UFCPlanning.app; sourceTree = BUILT_PRODUCTS_DIR; };
		A793483D2879E6C100D3D9E4 /* AppDelegate.swift */ = {isa = PBXFileReference; lastKnownFileType = sourcecode.swift; path = AppDelegate.swift; sourceTree = "<group>"; };
		A793483F2879E6C100D3D9E4 /* SceneDelegate.swift */ = {isa = PBXFileReference; lastKnownFileType = sourcecode.swift; path = SceneDelegate.swift; sourceTree = "<group>"; };
		A79348442879E6C100D3D9E4 /* Base */ = {isa = PBXFileReference; lastKnownFileType = file.storyboard; name = Base; path = Base.lproj/Main.storyboard; sourceTree = "<group>"; };
		A79348462879E6C200D3D9E4 /* Assets.xcassets */ = {isa = PBXFileReference; lastKnownFileType = folder.assetcatalog; path = Assets.xcassets; sourceTree = "<group>"; };
		A79348492879E6C200D3D9E4 /* Base */ = {isa = PBXFileReference; lastKnownFileType = file.storyboard; name = Base; path = Base.lproj/LaunchScreen.storyboard; sourceTree = "<group>"; };
		A793484B2879E6C200D3D9E4 /* Info.plist */ = {isa = PBXFileReference; lastKnownFileType = text.plist.xml; path = Info.plist; sourceTree = "<group>"; };
/* End PBXFileReference section */

/* Begin PBXFrameworksBuildPhase section */
		A79348372879E6C100D3D9E4 /* Frameworks */ = {
			isa = PBXFrameworksBuildPhase;
			buildActionMask = 2147483647;
			files = (
				A745A29F2879F19200BE6C89 /* RealmSwift in Frameworks */,
				A745A29D2879F19200BE6C89 /* Realm in Frameworks */,
			);
			runOnlyForDeploymentPostprocessing = 0;
		};
/* End PBXFrameworksBuildPhase section */

/* Begin PBXGroup section */
		A741E8052884A2720029A65C /* Cache */ = {
			isa = PBXGroup;
			children = (
			);
			path = Cache;
			sourceTree = "<group>";
		};
		A745A2A02879F1D200BE6C89 /* Model */ = {
			isa = PBXGroup;
			children = (
				A745A2A52879F30F00BE6C89 /* Entity.swift */,
				A745A2A72879F47500BE6C89 /* Timetable.swift */,
				A745A2A92879F4C300BE6C89 /* Day.swift */,
				A745A2AB2879F4F300BE6C89 /* Subject.swift */,
			);
			path = Model;
			sourceTree = "<group>";
		};
		A745A2AD287A144800BE6C89 /* API */ = {
			isa = PBXGroup;
			children = (
			);
			path = API;
			sourceTree = "<group>";
		};
		A79348312879E6C100D3D9E4 = {
			isa = PBXGroup;
			children = (
				A793483C2879E6C100D3D9E4 /* UFCPlanning */,
				A793483B2879E6C100D3D9E4 /* Products */,
			);
			sourceTree = "<group>";
		};
		A793483B2879E6C100D3D9E4 /* Products */ = {
			isa = PBXGroup;
			children = (
				A793483A2879E6C100D3D9E4 /* UFCPlanning.app */,
			);
			name = Products;
			sourceTree = "<group>";
		};
		A793483C2879E6C100D3D9E4 /* UFCPlanning */ = {
			isa = PBXGroup;
			children = (
				A793483D2879E6C100D3D9E4 /* AppDelegate.swift */,
				A793483F2879E6C100D3D9E4 /* SceneDelegate.swift */,
				A79348512879E77F00D3D9E4 /* UI */,
				A79348542879E7CA00D3D9E4 /* Data */,
				A79348522879E79F00D3D9E4 /* Resources */,
			);
			path = UFCPlanning;
			sourceTree = "<group>";
		};
		A79348512879E77F00D3D9E4 /* UI */ = {
			isa = PBXGroup;
			children = (
				A79348532879E7AC00D3D9E4 /* Controllers */,
				A79348432879E6C100D3D9E4 /* Main.storyboard */,
				A79348482879E6C200D3D9E4 /* LaunchScreen.storyboard */,
			);
			path = UI;
			sourceTree = "<group>";
		};
		A79348522879E79F00D3D9E4 /* Resources */ = {
			isa = PBXGroup;
			children = (
				A79348462879E6C200D3D9E4 /* Assets.xcassets */,
				A793484B2879E6C200D3D9E4 /* Info.plist */,
			);
			path = Resources;
			sourceTree = "<group>";
		};
		A79348532879E7AC00D3D9E4 /* Controllers */ = {
			isa = PBXGroup;
			children = (
				A741E8012884A21C0029A65C /* SubjectsCollectionViewController.swift */,
				A741E8032884A25C0029A65C /* SubjectsCollectionViewModel.swift */,
			);
			path = Controllers;
			sourceTree = "<group>";
		};
		A79348542879E7CA00D3D9E4 /* Data */ = {
			isa = PBXGroup;
			children = (
				A741E8052884A2720029A65C /* Cache */,
				A745A2AD287A144800BE6C89 /* API */,
				A745A2A02879F1D200BE6C89 /* Model */,
			);
			path = Data;
			sourceTree = "<group>";
		};
/* End PBXGroup section */

/* Begin PBXNativeTarget section */
		A79348392879E6C100D3D9E4 /* UFCPlanning */ = {
			isa = PBXNativeTarget;
			buildConfigurationList = A793484E2879E6C200D3D9E4 /* Build configuration list for PBXNativeTarget "UFCPlanning" */;
			buildPhases = (
				A79348362879E6C100D3D9E4 /* Sources */,
				A79348372879E6C100D3D9E4 /* Frameworks */,
				A79348382879E6C100D3D9E4 /* Resources */,
			);
			buildRules = (
			);
			dependencies = (
			);
			name = UFCPlanning;
			packageProductDependencies = (
				A745A29C2879F19200BE6C89 /* Realm */,
				A745A29E2879F19200BE6C89 /* RealmSwift */,
			);
			productName = UFCPlanning;
			productReference = A793483A2879E6C100D3D9E4 /* UFCPlanning.app */;
			productType = "com.apple.product-type.application";
		};
/* End PBXNativeTarget section */

/* Begin PBXProject section */
		A79348322879E6C100D3D9E4 /* Project object */ = {
			isa = PBXProject;
			attributes = {
				BuildIndependentTargetsInParallel = 1;
				LastSwiftUpdateCheck = 1340;
				LastUpgradeCheck = 1340;
				TargetAttributes = {
					A79348392879E6C100D3D9E4 = {
						CreatedOnToolsVersion = 13.4.1;
					};
				};
			};
			buildConfigurationList = A79348352879E6C100D3D9E4 /* Build configuration list for PBXProject "UFCPlanning" */;
			compatibilityVersion = "Xcode 13.0";
			developmentRegion = en;
			hasScannedForEncodings = 0;
			knownRegions = (
				en,
				Base,
			);
			mainGroup = A79348312879E6C100D3D9E4;
			packageReferences = (
				A745A29B2879F19200BE6C89 /* XCRemoteSwiftPackageReference "realm-swift" */,
			);
			productRefGroup = A793483B2879E6C100D3D9E4 /* Products */;
			projectDirPath = "";
			projectRoot = "";
			targets = (
				A79348392879E6C100D3D9E4 /* UFCPlanning */,
			);
		};
/* End PBXProject section */

/* Begin PBXResourcesBuildPhase section */
		A79348382879E6C100D3D9E4 /* Resources */ = {
			isa = PBXResourcesBuildPhase;
			buildActionMask = 2147483647;
			files = (
				A793484A2879E6C200D3D9E4 /* LaunchScreen.storyboard in Resources */,
				A79348472879E6C200D3D9E4 /* Assets.xcassets in Resources */,
				A79348452879E6C100D3D9E4 /* Main.storyboard in Resources */,
			);
			runOnlyForDeploymentPostprocessing = 0;
		};
/* End PBXResourcesBuildPhase section */

/* Begin PBXSourcesBuildPhase section */
		A79348362879E6C100D3D9E4 /* Sources */ = {
			isa = PBXSourcesBuildPhase;
			buildActionMask = 2147483647;
			files = (
				A745A2A62879F30F00BE6C89 /* Entity.swift in Sources */,
				A745A2A82879F47500BE6C89 /* Timetable.swift in Sources */,
				A745A2AC2879F4F300BE6C89 /* Subject.swift in Sources */,
				A745A2AA2879F4C300BE6C89 /* Day.swift in Sources */,
				A741E8022884A21C0029A65C /* SubjectsCollectionViewController.swift in Sources */,
				A741E8042884A25C0029A65C /* SubjectsCollectionViewModel.swift in Sources */,
				A793483E2879E6C100D3D9E4 /* AppDelegate.swift in Sources */,
				A79348402879E6C100D3D9E4 /* SceneDelegate.swift in Sources */,
			);
			runOnlyForDeploymentPostprocessing = 0;
		};
/* End PBXSourcesBuildPhase section */

/* Begin PBXVariantGroup section */
		A79348432879E6C100D3D9E4 /* Main.storyboard */ = {
			isa = PBXVariantGroup;
			children = (
				A79348442879E6C100D3D9E4 /* Base */,
			);
			name = Main.storyboard;
			sourceTree = "<group>";
		};
		A79348482879E6C200D3D9E4 /* LaunchScreen.storyboard */ = {
			isa = PBXVariantGroup;
			children = (
				A79348492879E6C200D3D9E4 /* Base */,
			);
			name = LaunchScreen.storyboard;
			sourceTree = "<group>";
		};
/* End PBXVariantGroup section */

/* Begin XCBuildConfiguration section */
		A793484C2879E6C200D3D9E4 /* Debug */ = {
			isa = XCBuildConfiguration;
			buildSettings = {
				ALWAYS_SEARCH_USER_PATHS = NO;
				CLANG_ANALYZER_NONNULL = YES;
				CLANG_ANALYZER_NUMBER_OBJECT_CONVERSION = YES_AGGRESSIVE;
				CLANG_CXX_LANGUAGE_STANDARD = "gnu++17";
				CLANG_ENABLE_MODULES = YES;
				CLANG_ENABLE_OBJC_ARC = YES;
				CLANG_ENABLE_OBJC_WEAK = YES;
				CLANG_WARN_BLOCK_CAPTURE_AUTORELEASING = YES;
				CLANG_WARN_BOOL_CONVERSION = YES;
				CLANG_WARN_COMMA = YES;
				CLANG_WARN_CONSTANT_CONVERSION = YES;
				CLANG_WARN_DEPRECATED_OBJC_IMPLEMENTATIONS = YES;
				CLANG_WARN_DIRECT_OBJC_ISA_USAGE = YES_ERROR;
				CLANG_WARN_DOCUMENTATION_COMMENTS = YES;
				CLANG_WARN_EMPTY_BODY = YES;
				CLANG_WARN_ENUM_CONVERSION = YES;
				CLANG_WARN_INFINITE_RECURSION = YES;
				CLANG_WARN_INT_CONVERSION = YES;
				CLANG_WARN_NON_LITERAL_NULL_CONVERSION = YES;
				CLANG_WARN_OBJC_IMPLICIT_RETAIN_SELF = YES;
				CLANG_WARN_OBJC_LITERAL_CONVERSION = YES;
				CLANG_WARN_OBJC_ROOT_CLASS = YES_ERROR;
				CLANG_WARN_QUOTED_INCLUDE_IN_FRAMEWORK_HEADER = YES;
				CLANG_WARN_RANGE_LOOP_ANALYSIS = YES;
				CLANG_WARN_STRICT_PROTOTYPES = YES;
				CLANG_WARN_SUSPICIOUS_MOVE = YES;
				CLANG_WARN_UNGUARDED_AVAILABILITY = YES_AGGRESSIVE;
				CLANG_WARN_UNREACHABLE_CODE = YES;
				CLANG_WARN__DUPLICATE_METHOD_MATCH = YES;
				COPY_PHASE_STRIP = NO;
				DEBUG_INFORMATION_FORMAT = dwarf;
				ENABLE_STRICT_OBJC_MSGSEND = YES;
				ENABLE_TESTABILITY = YES;
				GCC_C_LANGUAGE_STANDARD = gnu11;
				GCC_DYNAMIC_NO_PIC = NO;
				GCC_NO_COMMON_BLOCKS = YES;
				GCC_OPTIMIZATION_LEVEL = 0;
				GCC_PREPROCESSOR_DEFINITIONS = (
					"DEBUG=1",
					"$(inherited)",
				);
				GCC_WARN_64_TO_32_BIT_CONVERSION = YES;
				GCC_WARN_ABOUT_RETURN_TYPE = YES_ERROR;
				GCC_WARN_UNDECLARED_SELECTOR = YES;
				GCC_WARN_UNINITIALIZED_AUTOS = YES_AGGRESSIVE;
				GCC_WARN_UNUSED_FUNCTION = YES;
				GCC_WARN_UNUSED_VARIABLE = YES;
				IPHONEOS_DEPLOYMENT_TARGET = 15.5;
				MTL_ENABLE_DEBUG_INFO = INCLUDE_SOURCE;
				MTL_FAST_MATH = YES;
				ONLY_ACTIVE_ARCH = YES;
				SDKROOT = iphoneos;
				SWIFT_ACTIVE_COMPILATION_CONDITIONS = DEBUG;
				SWIFT_OPTIMIZATION_LEVEL = "-Onone";
			};
			name = Debug;
		};
		A793484D2879E6C200D3D9E4 /* Release */ = {
			isa = XCBuildConfiguration;
			buildSettings = {
				ALWAYS_SEARCH_USER_PATHS = NO;
				CLANG_ANALYZER_NONNULL = YES;
				CLANG_ANALYZER_NUMBER_OBJECT_CONVERSION = YES_AGGRESSIVE;
				CLANG_CXX_LANGUAGE_STANDARD = "gnu++17";
				CLANG_ENABLE_MODULES = YES;
				CLANG_ENABLE_OBJC_ARC = YES;
				CLANG_ENABLE_OBJC_WEAK = YES;
				CLANG_WARN_BLOCK_CAPTURE_AUTORELEASING = YES;
				CLANG_WARN_BOOL_CONVERSION = YES;
				CLANG_WARN_COMMA = YES;
				CLANG_WARN_CONSTANT_CONVERSION = YES;
				CLANG_WARN_DEPRECATED_OBJC_IMPLEMENTATIONS = YES;
				CLANG_WARN_DIRECT_OBJC_ISA_USAGE = YES_ERROR;
				CLANG_WARN_DOCUMENTATION_COMMENTS = YES;
				CLANG_WARN_EMPTY_BODY = YES;
				CLANG_WARN_ENUM_CONVERSION = YES;
				CLANG_WARN_INFINITE_RECURSION = YES;
				CLANG_WARN_INT_CONVERSION = YES;
				CLANG_WARN_NON_LITERAL_NULL_CONVERSION = YES;
				CLANG_WARN_OBJC_IMPLICIT_RETAIN_SELF = YES;
				CLANG_WARN_OBJC_LITERAL_CONVERSION = YES;
				CLANG_WARN_OBJC_ROOT_CLASS = YES_ERROR;
				CLANG_WARN_QUOTED_INCLUDE_IN_FRAMEWORK_HEADER = YES;
				CLANG_WARN_RANGE_LOOP_ANALYSIS = YES;
				CLANG_WARN_STRICT_PROTOTYPES = YES;
				CLANG_WARN_SUSPICIOUS_MOVE = YES;
				CLANG_WARN_UNGUARDED_AVAILABILITY = YES_AGGRESSIVE;
				CLANG_WARN_UNREACHABLE_CODE = YES;
				CLANG_WARN__DUPLICATE_METHOD_MATCH = YES;
				COPY_PHASE_STRIP = NO;
				DEBUG_INFORMATION_FORMAT = "dwarf-with-dsym";
				ENABLE_NS_ASSERTIONS = NO;
				ENABLE_STRICT_OBJC_MSGSEND = YES;
				GCC_C_LANGUAGE_STANDARD = gnu11;
				GCC_NO_COMMON_BLOCKS = YES;
				GCC_WARN_64_TO_32_BIT_CONVERSION = YES;
				GCC_WARN_ABOUT_RETURN_TYPE = YES_ERROR;
				GCC_WARN_UNDECLARED_SELECTOR = YES;
				GCC_WARN_UNINITIALIZED_AUTOS = YES_AGGRESSIVE;
				GCC_WARN_UNUSED_FUNCTION = YES;
				GCC_WARN_UNUSED_VARIABLE = YES;
				IPHONEOS_DEPLOYMENT_TARGET = 15.5;
				MTL_ENABLE_DEBUG_INFO = NO;
				MTL_FAST_MATH = YES;
				SDKROOT = iphoneos;
				SWIFT_COMPILATION_MODE = wholemodule;
				SWIFT_OPTIMIZATION_LEVEL = "-O";
				VALIDATE_PRODUCT = YES;
			};
			name = Release;
		};
		A793484F2879E6C200D3D9E4 /* Debug */ = {
			isa = XCBuildConfiguration;
			buildSettings = {
				ASSETCATALOG_COMPILER_APPICON_NAME = AppIcon;
				ASSETCATALOG_COMPILER_GLOBAL_ACCENT_COLOR_NAME = AccentColor;
				CODE_SIGN_STYLE = Automatic;
				CURRENT_PROJECT_VERSION = 1;
				DEVELOPMENT_TEAM = LYG6796H6N;
				GENERATE_INFOPLIST_FILE = YES;
				INFOPLIST_FILE = UFCPlanning/Resources/Info.plist;
				INFOPLIST_KEY_UIApplicationSupportsIndirectInputEvents = YES;
				INFOPLIST_KEY_UILaunchStoryboardName = LaunchScreen;
				INFOPLIST_KEY_UIMainStoryboardFile = Main;
				INFOPLIST_KEY_UISupportedInterfaceOrientations = UIInterfaceOrientationPortrait;
				INFOPLIST_KEY_UISupportedInterfaceOrientations_iPad = "UIInterfaceOrientationPortrait UIInterfaceOrientationPortraitUpsideDown UIInterfaceOrientationLandscapeLeft UIInterfaceOrientationLandscapeRight";
				INFOPLIST_KEY_UISupportedInterfaceOrientations_iPhone = "UIInterfaceOrientationPortrait UIInterfaceOrientationLandscapeLeft UIInterfaceOrientationLandscapeRight";
				IPHONEOS_DEPLOYMENT_TARGET = 15.0;
				LD_RUNPATH_SEARCH_PATHS = (
					"$(inherited)",
					"@executable_path/Frameworks",
				);
				MARKETING_VERSION = 1.0;
				PRODUCT_BUNDLE_IDENTIFIER = fr.valentinperignon.UFCPlanning;
				PRODUCT_NAME = "$(TARGET_NAME)";
				SWIFT_EMIT_LOC_STRINGS = YES;
				SWIFT_VERSION = 5.0;
				TARGETED_DEVICE_FAMILY = 1;
			};
			name = Debug;
		};
		A79348502879E6C200D3D9E4 /* Release */ = {
			isa = XCBuildConfiguration;
			buildSettings = {
				ASSETCATALOG_COMPILER_APPICON_NAME = AppIcon;
				ASSETCATALOG_COMPILER_GLOBAL_ACCENT_COLOR_NAME = AccentColor;
				CODE_SIGN_STYLE = Automatic;
				CURRENT_PROJECT_VERSION = 1;
				DEVELOPMENT_TEAM = LYG6796H6N;
				GENERATE_INFOPLIST_FILE = YES;
				INFOPLIST_FILE = UFCPlanning/Resources/Info.plist;
				INFOPLIST_KEY_UIApplicationSupportsIndirectInputEvents = YES;
				INFOPLIST_KEY_UILaunchStoryboardName = LaunchScreen;
				INFOPLIST_KEY_UIMainStoryboardFile = Main;
				INFOPLIST_KEY_UISupportedInterfaceOrientations = UIInterfaceOrientationPortrait;
				INFOPLIST_KEY_UISupportedInterfaceOrientations_iPad = "UIInterfaceOrientationPortrait UIInterfaceOrientationPortraitUpsideDown UIInterfaceOrientationLandscapeLeft UIInterfaceOrientationLandscapeRight";
				INFOPLIST_KEY_UISupportedInterfaceOrientations_iPhone = "UIInterfaceOrientationPortrait UIInterfaceOrientationLandscapeLeft UIInterfaceOrientationLandscapeRight";
				IPHONEOS_DEPLOYMENT_TARGET = 15.0;
				LD_RUNPATH_SEARCH_PATHS = (
					"$(inherited)",
					"@executable_path/Frameworks",
				);
				MARKETING_VERSION = 1.0;
				PRODUCT_BUNDLE_IDENTIFIER = fr.valentinperignon.UFCPlanning;
				PRODUCT_NAME = "$(TARGET_NAME)";
				SWIFT_EMIT_LOC_STRINGS = YES;
				SWIFT_VERSION = 5.0;
				TARGETED_DEVICE_FAMILY = 1;
			};
			name = Release;
		};
/* End XCBuildConfiguration section */

/* Begin XCConfigurationList section */
		A79348352879E6C100D3D9E4 /* Build configuration list for PBXProject "UFCPlanning" */ = {
			isa = XCConfigurationList;
			buildConfigurations = (
				A793484C2879E6C200D3D9E4 /* Debug */,
				A793484D2879E6C200D3D9E4 /* Release */,
			);
			defaultConfigurationIsVisible = 0;
			defaultConfigurationName = Release;
		};
		A793484E2879E6C200D3D9E4 /* Build configuration list for PBXNativeTarget "UFCPlanning" */ = {
			isa = XCConfigurationList;
			buildConfigurations = (
				A793484F2879E6C200D3D9E4 /* Debug */,
				A79348502879E6C200D3D9E4 /* Release */,
			);
			defaultConfigurationIsVisible = 0;
			defaultConfigurationName = Release;
		};
/* End XCConfigurationList section */

/* Begin XCRemoteSwiftPackageReference section */
		A745A29B2879F19200BE6C89 /* XCRemoteSwiftPackageReference "realm-swift" */ = {
			isa = XCRemoteSwiftPackageReference;
			repositoryURL = "https://github.com/realm/realm-swift.git";
			requirement = {
				branch = master;
				kind = branch;
			};
		};
/* End XCRemoteSwiftPackageReference section */

/* Begin XCSwiftPackageProductDependency section */
		A745A29C2879F19200BE6C89 /* Realm */ = {
			isa = XCSwiftPackageProductDependency;
			package = A745A29B2879F19200BE6C89 /* XCRemoteSwiftPackageReference "realm-swift" */;
			productName = Realm;
		};
		A745A29E2879F19200BE6C89 /* RealmSwift */ = {
			isa = XCSwiftPackageProductDependency;
			package = A745A29B2879F19200BE6C89 /* XCRemoteSwiftPackageReference "realm-swift" */;
			productName = RealmSwift;
		};
/* End XCSwiftPackageProductDependency section */
	};
	rootObject = A79348322879E6C100D3D9E4 /* Project object */;
}
