// !$*UTF8*$!
{
	archiveVersion = 1;
	classes = {
	};
	objectVersion = 55;
	objects = {

/* Begin PBXBuildFile section */
		A71549152907282100E0F71B /* InfoPlist.strings in Resources */ = {isa = PBXBuildFile; fileRef = A71549172907282100E0F71B /* InfoPlist.strings */; };
		A71549192907325500E0F71B /* Localizable.strings in Resources */ = {isa = PBXBuildFile; fileRef = A768E5562905E445009E45FD /* Localizable.strings */; };
		A715491A2907325900E0F71B /* L10n.swift in Sources */ = {isa = PBXBuildFile; fileRef = A768E55A29068C13009E45FD /* L10n.swift */; };
		A716D34B28D8B91800D0E4F8 /* GroupsViewController.swift in Sources */ = {isa = PBXBuildFile; fileRef = A716D34A28D8B91800D0E4F8 /* GroupsViewController.swift */; };
		A716D34D28D8B9BB00D0E4F8 /* GroupsViewModel.swift in Sources */ = {isa = PBXBuildFile; fileRef = A716D34C28D8B9BB00D0E4F8 /* GroupsViewModel.swift */; };
		A73A74D528B18CE4007D28EE /* AppDelegate.swift in Sources */ = {isa = PBXBuildFile; fileRef = A73A74D428B18CE4007D28EE /* AppDelegate.swift */; };
		A73A74D728B18CE4007D28EE /* SceneDelegate.swift in Sources */ = {isa = PBXBuildFile; fileRef = A73A74D628B18CE4007D28EE /* SceneDelegate.swift */; };
		A73A74D928B18CE4007D28EE /* HomeViewController.swift in Sources */ = {isa = PBXBuildFile; fileRef = A73A74D828B18CE4007D28EE /* HomeViewController.swift */; };
		A73A74DE28B18CE5007D28EE /* Assets.xcassets in Resources */ = {isa = PBXBuildFile; fileRef = A73A74DD28B18CE5007D28EE /* Assets.xcassets */; };
		A73A74E128B18CE5007D28EE /* LaunchScreen.storyboard in Resources */ = {isa = PBXBuildFile; fileRef = A73A74DF28B18CE5007D28EE /* LaunchScreen.storyboard */; };
		A73A74ED28B19316007D28EE /* swiftgen.yml in Resources */ = {isa = PBXBuildFile; fileRef = A73A74EC28B19316007D28EE /* swiftgen.yml */; };
		A73A74EF28B1933C007D28EE /* XCAssets+Generated.swift in Sources */ = {isa = PBXBuildFile; fileRef = A73A74EE28B1933C007D28EE /* XCAssets+Generated.swift */; };
		A757213628CDD9880079A40A /* SFSafeSymbols in Frameworks */ = {isa = PBXBuildFile; productRef = A757213528CDD9880079A40A /* SFSafeSymbols */; };
		A768E5542905E445009E45FD /* Localizable.strings in Resources */ = {isa = PBXBuildFile; fileRef = A768E5562905E445009E45FD /* Localizable.strings */; };
		A768E55B29068C13009E45FD /* L10n.swift in Sources */ = {isa = PBXBuildFile; fileRef = A768E55A29068C13009E45FD /* L10n.swift */; };
		A7701B1128E7187C00E6420A /* WidgetError.swift in Sources */ = {isa = PBXBuildFile; fileRef = A7701B1028E7187C00E6420A /* WidgetError.swift */; };
		A7701B1228E719A300E6420A /* WidgetError.swift in Sources */ = {isa = PBXBuildFile; fileRef = A7701B1028E7187C00E6420A /* WidgetError.swift */; };
		A77CC9F528DAF459004F5555 /* WidgetKit.framework in Frameworks */ = {isa = PBXBuildFile; fileRef = A77CC9F428DAF459004F5555 /* WidgetKit.framework */; };
		A77CC9F728DAF459004F5555 /* SwiftUI.framework in Frameworks */ = {isa = PBXBuildFile; fileRef = A77CC9F628DAF459004F5555 /* SwiftUI.framework */; };
		A77CC9FA28DAF459004F5555 /* LockScreenWidget.swift in Sources */ = {isa = PBXBuildFile; fileRef = A77CC9F928DAF459004F5555 /* LockScreenWidget.swift */; };
		A77CC9FC28DAF45A004F5555 /* Assets.xcassets in Resources */ = {isa = PBXBuildFile; fileRef = A77CC9FB28DAF45A004F5555 /* Assets.xcassets */; };
		A77CCA0028DAF45A004F5555 /* LockScreenWidgetExtension.appex in Embed Foundation Extensions */ = {isa = PBXBuildFile; fileRef = A77CC9F328DAF459004F5555 /* LockScreenWidgetExtension.appex */; settings = {ATTRIBUTES = (RemoveHeadersOnCopy, ); }; };
		A77CCA0628DAF73C004F5555 /* UFCPlanningCore in Frameworks */ = {isa = PBXBuildFile; productRef = A77CCA0528DAF73C004F5555 /* UFCPlanningCore */; };
		A780FDEB28D3C7750003B6A6 /* ButtonCell.swift in Sources */ = {isa = PBXBuildFile; fileRef = A780FDE928D3C7750003B6A6 /* ButtonCell.swift */; };
		A780FDEC28D3C7750003B6A6 /* ButtonCell.xib in Resources */ = {isa = PBXBuildFile; fileRef = A780FDEA28D3C7750003B6A6 /* ButtonCell.xib */; };
		A780FDEF28D3C7AA0003B6A6 /* UserCell.swift in Sources */ = {isa = PBXBuildFile; fileRef = A780FDED28D3C7AA0003B6A6 /* UserCell.swift */; };
		A780FDF028D3C7AA0003B6A6 /* UserCell.xib in Resources */ = {isa = PBXBuildFile; fileRef = A780FDEE28D3C7AA0003B6A6 /* UserCell.xib */; };
		A780FDF928D5FB730003B6A6 /* OptionCell.swift in Sources */ = {isa = PBXBuildFile; fileRef = A780FDF728D5FB730003B6A6 /* OptionCell.swift */; };
		A780FDFA28D5FB730003B6A6 /* OptionCell.xib in Resources */ = {isa = PBXBuildFile; fileRef = A780FDF828D5FB730003B6A6 /* OptionCell.xib */; };
		A780FDFD28D5FE030003B6A6 /* GroupCell.swift in Sources */ = {isa = PBXBuildFile; fileRef = A780FDFB28D5FE030003B6A6 /* GroupCell.swift */; };
		A780FDFE28D5FE030003B6A6 /* GroupCell.xib in Resources */ = {isa = PBXBuildFile; fileRef = A780FDFC28D5FE030003B6A6 /* GroupCell.xib */; };
		A78B6DCB28D07C84000C96E0 /* ToggleCell.swift in Sources */ = {isa = PBXBuildFile; fileRef = A78B6DC928D07C84000C96E0 /* ToggleCell.swift */; };
		A78B6DCC28D07C84000C96E0 /* ToggleCell.xib in Resources */ = {isa = PBXBuildFile; fileRef = A78B6DCA28D07C84000C96E0 /* ToggleCell.xib */; };
		A79D269428C616FD0069572D /* SubjectCell.swift in Sources */ = {isa = PBXBuildFile; fileRef = A79D269228C616FD0069572D /* SubjectCell.swift */; };
		A79D269528C616FD0069572D /* SubjectCell.xib in Resources */ = {isa = PBXBuildFile; fileRef = A79D269328C616FD0069572D /* SubjectCell.xib */; };
		A7A99E4928C8ED9B0035D9C6 /* HomeViewModel.swift in Sources */ = {isa = PBXBuildFile; fileRef = A7A99E4828C8ED9B0035D9C6 /* HomeViewModel.swift */; };
		A7CFCA6028B8112C00051426 /* UFCPlanningCore in Frameworks */ = {isa = PBXBuildFile; productRef = A7CFCA5F28B8112C00051426 /* UFCPlanningCore */; };
		A7F6C82628CF95CE00CDD3BF /* SettingsViewController.swift in Sources */ = {isa = PBXBuildFile; fileRef = A7F6C82528CF95CE00CDD3BF /* SettingsViewController.swift */; };
		A7F6C82828CF9DAB00CDD3BF /* SettingsViewModel.swift in Sources */ = {isa = PBXBuildFile; fileRef = A7F6C82728CF9DAB00CDD3BF /* SettingsViewModel.swift */; };
/* End PBXBuildFile section */

/* Begin PBXContainerItemProxy section */
		A77CC9FE28DAF45A004F5555 /* PBXContainerItemProxy */ = {
			isa = PBXContainerItemProxy;
			containerPortal = A73A74C928B18CE4007D28EE /* Project object */;
			proxyType = 1;
			remoteGlobalIDString = A77CC9F228DAF459004F5555;
			remoteInfo = LockScreenWidgetExtension;
		};
/* End PBXContainerItemProxy section */

/* Begin PBXCopyFilesBuildPhase section */
		A77CCA0428DAF45A004F5555 /* Embed Foundation Extensions */ = {
			isa = PBXCopyFilesBuildPhase;
			buildActionMask = 2147483647;
			dstPath = "";
			dstSubfolderSpec = 13;
			files = (
				A77CCA0028DAF45A004F5555 /* LockScreenWidgetExtension.appex in Embed Foundation Extensions */,
			);
			name = "Embed Foundation Extensions";
			runOnlyForDeploymentPostprocessing = 0;
		};
/* End PBXCopyFilesBuildPhase section */

/* Begin PBXFileReference section */
		A71549162907282100E0F71B /* en */ = {isa = PBXFileReference; lastKnownFileType = text.plist.strings; name = en; path = en.lproj/InfoPlist.strings; sourceTree = "<group>"; };
		A71549182907282400E0F71B /* fr */ = {isa = PBXFileReference; lastKnownFileType = text.plist.strings; name = fr; path = fr.lproj/InfoPlist.strings; sourceTree = "<group>"; };
		A716D34A28D8B91800D0E4F8 /* GroupsViewController.swift */ = {isa = PBXFileReference; lastKnownFileType = sourcecode.swift; path = GroupsViewController.swift; sourceTree = "<group>"; };
		A716D34C28D8B9BB00D0E4F8 /* GroupsViewModel.swift */ = {isa = PBXFileReference; lastKnownFileType = sourcecode.swift; path = GroupsViewModel.swift; sourceTree = "<group>"; };
		A73A74D128B18CE4007D28EE /* UFCPlanning.app */ = {isa = PBXFileReference; explicitFileType = wrapper.application; includeInIndex = 0; path = UFCPlanning.app; sourceTree = BUILT_PRODUCTS_DIR; };
		A73A74D428B18CE4007D28EE /* AppDelegate.swift */ = {isa = PBXFileReference; lastKnownFileType = sourcecode.swift; path = AppDelegate.swift; sourceTree = "<group>"; };
		A73A74D628B18CE4007D28EE /* SceneDelegate.swift */ = {isa = PBXFileReference; lastKnownFileType = sourcecode.swift; path = SceneDelegate.swift; sourceTree = "<group>"; };
		A73A74D828B18CE4007D28EE /* HomeViewController.swift */ = {isa = PBXFileReference; lastKnownFileType = sourcecode.swift; path = HomeViewController.swift; sourceTree = "<group>"; };
		A73A74DD28B18CE5007D28EE /* Assets.xcassets */ = {isa = PBXFileReference; lastKnownFileType = folder.assetcatalog; path = Assets.xcassets; sourceTree = "<group>"; };
		A73A74E028B18CE5007D28EE /* Base */ = {isa = PBXFileReference; lastKnownFileType = file.storyboard; name = Base; path = Base.lproj/LaunchScreen.storyboard; sourceTree = "<group>"; };
		A73A74E228B18CE5007D28EE /* Info.plist */ = {isa = PBXFileReference; lastKnownFileType = text.plist.xml; path = Info.plist; sourceTree = "<group>"; };
		A73A74EC28B19316007D28EE /* swiftgen.yml */ = {isa = PBXFileReference; fileEncoding = 4; lastKnownFileType = text.yaml; path = swiftgen.yml; sourceTree = "<group>"; };
		A73A74EE28B1933C007D28EE /* XCAssets+Generated.swift */ = {isa = PBXFileReference; fileEncoding = 4; lastKnownFileType = sourcecode.swift; path = "XCAssets+Generated.swift"; sourceTree = "<group>"; };
		A75959C128B80FE200F69607 /* UFCPlanningCore */ = {isa = PBXFileReference; lastKnownFileType = wrapper; path = UFCPlanningCore; sourceTree = "<group>"; };
		A768E5552905E445009E45FD /* en */ = {isa = PBXFileReference; lastKnownFileType = text.plist.strings; name = en; path = en.lproj/Localizable.strings; sourceTree = "<group>"; };
		A768E5572905E447009E45FD /* fr */ = {isa = PBXFileReference; lastKnownFileType = text.plist.strings; name = fr; path = fr.lproj/Localizable.strings; sourceTree = "<group>"; };
		A768E55A29068C13009E45FD /* L10n.swift */ = {isa = PBXFileReference; fileEncoding = 4; lastKnownFileType = sourcecode.swift; path = L10n.swift; sourceTree = "<group>"; };
		A7701B1028E7187C00E6420A /* WidgetError.swift */ = {isa = PBXFileReference; lastKnownFileType = sourcecode.swift; path = WidgetError.swift; sourceTree = "<group>"; };
		A77CC9EE28DAEEF4004F5555 /* UFCPlanning.entitlements */ = {isa = PBXFileReference; lastKnownFileType = text.plist.entitlements; path = UFCPlanning.entitlements; sourceTree = "<group>"; };
		A77CC9F328DAF459004F5555 /* LockScreenWidgetExtension.appex */ = {isa = PBXFileReference; explicitFileType = "wrapper.app-extension"; includeInIndex = 0; path = LockScreenWidgetExtension.appex; sourceTree = BUILT_PRODUCTS_DIR; };
		A77CC9F428DAF459004F5555 /* WidgetKit.framework */ = {isa = PBXFileReference; lastKnownFileType = wrapper.framework; name = WidgetKit.framework; path = System/Library/Frameworks/WidgetKit.framework; sourceTree = SDKROOT; };
		A77CC9F628DAF459004F5555 /* SwiftUI.framework */ = {isa = PBXFileReference; lastKnownFileType = wrapper.framework; name = SwiftUI.framework; path = System/Library/Frameworks/SwiftUI.framework; sourceTree = SDKROOT; };
		A77CC9F928DAF459004F5555 /* LockScreenWidget.swift */ = {isa = PBXFileReference; lastKnownFileType = sourcecode.swift; path = LockScreenWidget.swift; sourceTree = "<group>"; };
		A77CC9FB28DAF45A004F5555 /* Assets.xcassets */ = {isa = PBXFileReference; lastKnownFileType = folder.assetcatalog; path = Assets.xcassets; sourceTree = "<group>"; };
		A77CC9FD28DAF45A004F5555 /* Info.plist */ = {isa = PBXFileReference; lastKnownFileType = text.plist.xml; path = Info.plist; sourceTree = "<group>"; };
		A77CCA0728DB00FF004F5555 /* LockScreenWidgetExtension.entitlements */ = {isa = PBXFileReference; lastKnownFileType = text.plist.entitlements; path = LockScreenWidgetExtension.entitlements; sourceTree = "<group>"; };
		A780FDE928D3C7750003B6A6 /* ButtonCell.swift */ = {isa = PBXFileReference; lastKnownFileType = sourcecode.swift; path = ButtonCell.swift; sourceTree = "<group>"; };
		A780FDEA28D3C7750003B6A6 /* ButtonCell.xib */ = {isa = PBXFileReference; lastKnownFileType = file.xib; path = ButtonCell.xib; sourceTree = "<group>"; };
		A780FDED28D3C7AA0003B6A6 /* UserCell.swift */ = {isa = PBXFileReference; lastKnownFileType = sourcecode.swift; path = UserCell.swift; sourceTree = "<group>"; };
		A780FDEE28D3C7AA0003B6A6 /* UserCell.xib */ = {isa = PBXFileReference; lastKnownFileType = file.xib; path = UserCell.xib; sourceTree = "<group>"; };
		A780FDF728D5FB730003B6A6 /* OptionCell.swift */ = {isa = PBXFileReference; lastKnownFileType = sourcecode.swift; path = OptionCell.swift; sourceTree = "<group>"; };
		A780FDF828D5FB730003B6A6 /* OptionCell.xib */ = {isa = PBXFileReference; lastKnownFileType = file.xib; path = OptionCell.xib; sourceTree = "<group>"; };
		A780FDFB28D5FE030003B6A6 /* GroupCell.swift */ = {isa = PBXFileReference; lastKnownFileType = sourcecode.swift; path = GroupCell.swift; sourceTree = "<group>"; };
		A780FDFC28D5FE030003B6A6 /* GroupCell.xib */ = {isa = PBXFileReference; lastKnownFileType = file.xib; path = GroupCell.xib; sourceTree = "<group>"; };
		A78B6DC928D07C84000C96E0 /* ToggleCell.swift */ = {isa = PBXFileReference; lastKnownFileType = sourcecode.swift; path = ToggleCell.swift; sourceTree = "<group>"; };
		A78B6DCA28D07C84000C96E0 /* ToggleCell.xib */ = {isa = PBXFileReference; lastKnownFileType = file.xib; path = ToggleCell.xib; sourceTree = "<group>"; };
		A79D269228C616FD0069572D /* SubjectCell.swift */ = {isa = PBXFileReference; lastKnownFileType = sourcecode.swift; path = SubjectCell.swift; sourceTree = "<group>"; };
		A79D269328C616FD0069572D /* SubjectCell.xib */ = {isa = PBXFileReference; lastKnownFileType = file.xib; path = SubjectCell.xib; sourceTree = "<group>"; };
		A7A99E4828C8ED9B0035D9C6 /* HomeViewModel.swift */ = {isa = PBXFileReference; lastKnownFileType = sourcecode.swift; path = HomeViewModel.swift; sourceTree = "<group>"; };
		A7F6C82528CF95CE00CDD3BF /* SettingsViewController.swift */ = {isa = PBXFileReference; lastKnownFileType = sourcecode.swift; path = SettingsViewController.swift; sourceTree = "<group>"; };
		A7F6C82728CF9DAB00CDD3BF /* SettingsViewModel.swift */ = {isa = PBXFileReference; lastKnownFileType = sourcecode.swift; path = SettingsViewModel.swift; sourceTree = "<group>"; };
/* End PBXFileReference section */

/* Begin PBXFrameworksBuildPhase section */
		A73A74CE28B18CE4007D28EE /* Frameworks */ = {
			isa = PBXFrameworksBuildPhase;
			buildActionMask = 2147483647;
			files = (
				A757213628CDD9880079A40A /* SFSafeSymbols in Frameworks */,
				A7CFCA6028B8112C00051426 /* UFCPlanningCore in Frameworks */,
			);
			runOnlyForDeploymentPostprocessing = 0;
		};
		A77CC9F028DAF459004F5555 /* Frameworks */ = {
			isa = PBXFrameworksBuildPhase;
			buildActionMask = 2147483647;
			files = (
				A77CC9F728DAF459004F5555 /* SwiftUI.framework in Frameworks */,
				A77CCA0628DAF73C004F5555 /* UFCPlanningCore in Frameworks */,
				A77CC9F528DAF459004F5555 /* WidgetKit.framework in Frameworks */,
			);
			runOnlyForDeploymentPostprocessing = 0;
		};
/* End PBXFrameworksBuildPhase section */

/* Begin PBXGroup section */
		A716D34928D8B8CD00D0E4F8 /* Groups */ = {
			isa = PBXGroup;
			children = (
				A716D34A28D8B91800D0E4F8 /* GroupsViewController.swift */,
				A716D34C28D8B9BB00D0E4F8 /* GroupsViewModel.swift */,
			);
			path = Groups;
			sourceTree = "<group>";
		};
		A73A74C828B18CE4007D28EE = {
			isa = PBXGroup;
			children = (
				A77CCA0728DB00FF004F5555 /* LockScreenWidgetExtension.entitlements */,
				A73A74EC28B19316007D28EE /* swiftgen.yml */,
				A73A74D328B18CE4007D28EE /* UFCPlanning */,
				A75959C128B80FE200F69607 /* UFCPlanningCore */,
				A77CC9F828DAF459004F5555 /* LockScreenWidget */,
				A73A74D228B18CE4007D28EE /* Products */,
				A73A74F128B571C8007D28EE /* Frameworks */,
			);
			sourceTree = "<group>";
		};
		A73A74D228B18CE4007D28EE /* Products */ = {
			isa = PBXGroup;
			children = (
				A73A74D128B18CE4007D28EE /* UFCPlanning.app */,
				A77CC9F328DAF459004F5555 /* LockScreenWidgetExtension.appex */,
			);
			name = Products;
			sourceTree = "<group>";
		};
		A73A74D328B18CE4007D28EE /* UFCPlanning */ = {
			isa = PBXGroup;
			children = (
				A77CC9EE28DAEEF4004F5555 /* UFCPlanning.entitlements */,
				A73A74D428B18CE4007D28EE /* AppDelegate.swift */,
				A73A74D628B18CE4007D28EE /* SceneDelegate.swift */,
				A73A74E928B19095007D28EE /* UI */,
				A73A74E828B1907E007D28EE /* Resources */,
			);
			path = UFCPlanning;
			sourceTree = "<group>";
		};
		A73A74E828B1907E007D28EE /* Resources */ = {
			isa = PBXGroup;
			children = (
				A73A74DD28B18CE5007D28EE /* Assets.xcassets */,
				A73A74DF28B18CE5007D28EE /* LaunchScreen.storyboard */,
				A768E5562905E445009E45FD /* Localizable.strings */,
				A71549172907282100E0F71B /* InfoPlist.strings */,
				A768E55A29068C13009E45FD /* L10n.swift */,
				A73A74EE28B1933C007D28EE /* XCAssets+Generated.swift */,
				A73A74E228B18CE5007D28EE /* Info.plist */,
			);
			path = Resources;
			sourceTree = "<group>";
		};
		A73A74E928B19095007D28EE /* UI */ = {
			isa = PBXGroup;
			children = (
				A73A74EA28B1909B007D28EE /* Controllers */,
				A73A74EB28B190A2007D28EE /* Views */,
			);
			path = UI;
			sourceTree = "<group>";
		};
		A73A74EA28B1909B007D28EE /* Controllers */ = {
			isa = PBXGroup;
			children = (
				A7A99E4A28C8ED9F0035D9C6 /* Home */,
				A7F6C82428CF95AB00CDD3BF /* Settings */,
				A716D34928D8B8CD00D0E4F8 /* Groups */,
			);
			path = Controllers;
			sourceTree = "<group>";
		};
		A73A74EB28B190A2007D28EE /* Views */ = {
			isa = PBXGroup;
			children = (
				A7F6C82928CFA2DC00CDD3BF /* Home */,
				A7F6C82A28CFA2E500CDD3BF /* Settings */,
			);
			path = Views;
			sourceTree = "<group>";
		};
		A73A74F128B571C8007D28EE /* Frameworks */ = {
			isa = PBXGroup;
			children = (
				A77CC9F428DAF459004F5555 /* WidgetKit.framework */,
				A77CC9F628DAF459004F5555 /* SwiftUI.framework */,
			);
			name = Frameworks;
			sourceTree = "<group>";
		};
		A77CC9F828DAF459004F5555 /* LockScreenWidget */ = {
			isa = PBXGroup;
			children = (
				A77CC9F928DAF459004F5555 /* LockScreenWidget.swift */,
				A77CC9FB28DAF45A004F5555 /* Assets.xcassets */,
				A77CC9FD28DAF45A004F5555 /* Info.plist */,
				A7701B1028E7187C00E6420A /* WidgetError.swift */,
			);
			path = LockScreenWidget;
			sourceTree = "<group>";
		};
		A7A99E4A28C8ED9F0035D9C6 /* Home */ = {
			isa = PBXGroup;
			children = (
				A73A74D828B18CE4007D28EE /* HomeViewController.swift */,
				A7A99E4828C8ED9B0035D9C6 /* HomeViewModel.swift */,
			);
			path = Home;
			sourceTree = "<group>";
		};
		A7F6C82428CF95AB00CDD3BF /* Settings */ = {
			isa = PBXGroup;
			children = (
				A7F6C82528CF95CE00CDD3BF /* SettingsViewController.swift */,
				A7F6C82728CF9DAB00CDD3BF /* SettingsViewModel.swift */,
			);
			path = Settings;
			sourceTree = "<group>";
		};
		A7F6C82928CFA2DC00CDD3BF /* Home */ = {
			isa = PBXGroup;
			children = (
				A79D269228C616FD0069572D /* SubjectCell.swift */,
				A79D269328C616FD0069572D /* SubjectCell.xib */,
			);
			path = Home;
			sourceTree = "<group>";
		};
		A7F6C82A28CFA2E500CDD3BF /* Settings */ = {
			isa = PBXGroup;
			children = (
				A78B6DC928D07C84000C96E0 /* ToggleCell.swift */,
				A78B6DCA28D07C84000C96E0 /* ToggleCell.xib */,
				A780FDE928D3C7750003B6A6 /* ButtonCell.swift */,
				A780FDEA28D3C7750003B6A6 /* ButtonCell.xib */,
				A780FDED28D3C7AA0003B6A6 /* UserCell.swift */,
				A780FDEE28D3C7AA0003B6A6 /* UserCell.xib */,
				A780FDF728D5FB730003B6A6 /* OptionCell.swift */,
				A780FDF828D5FB730003B6A6 /* OptionCell.xib */,
				A780FDFB28D5FE030003B6A6 /* GroupCell.swift */,
				A780FDFC28D5FE030003B6A6 /* GroupCell.xib */,
			);
			path = Settings;
			sourceTree = "<group>";
		};
/* End PBXGroup section */

/* Begin PBXNativeTarget section */
		A73A74D028B18CE4007D28EE /* UFCPlanning */ = {
			isa = PBXNativeTarget;
			buildConfigurationList = A73A74E528B18CE5007D28EE /* Build configuration list for PBXNativeTarget "UFCPlanning" */;
			buildPhases = (
				A73A74CD28B18CE4007D28EE /* Sources */,
				A73A74CE28B18CE4007D28EE /* Frameworks */,
				A73A74CF28B18CE4007D28EE /* Resources */,
				A77CCA0428DAF45A004F5555 /* Embed Foundation Extensions */,
			);
			buildRules = (
			);
			dependencies = (
				A77CC9FF28DAF45A004F5555 /* PBXTargetDependency */,
			);
			name = UFCPlanning;
			packageProductDependencies = (
				A7CFCA5F28B8112C00051426 /* UFCPlanningCore */,
				A757213528CDD9880079A40A /* SFSafeSymbols */,
			);
			productName = UFCPlanning;
			productReference = A73A74D128B18CE4007D28EE /* UFCPlanning.app */;
			productType = "com.apple.product-type.application";
		};
		A77CC9F228DAF459004F5555 /* LockScreenWidgetExtension */ = {
			isa = PBXNativeTarget;
			buildConfigurationList = A77CCA0128DAF45A004F5555 /* Build configuration list for PBXNativeTarget "LockScreenWidgetExtension" */;
			buildPhases = (
				A77CC9EF28DAF459004F5555 /* Sources */,
				A77CC9F028DAF459004F5555 /* Frameworks */,
				A77CC9F128DAF459004F5555 /* Resources */,
			);
			buildRules = (
			);
			dependencies = (
			);
			name = LockScreenWidgetExtension;
			packageProductDependencies = (
				A77CCA0528DAF73C004F5555 /* UFCPlanningCore */,
			);
			productName = LockScreenWidgetExtension;
			productReference = A77CC9F328DAF459004F5555 /* LockScreenWidgetExtension.appex */;
			productType = "com.apple.product-type.app-extension";
		};
/* End PBXNativeTarget section */

/* Begin PBXProject section */
		A73A74C928B18CE4007D28EE /* Project object */ = {
			isa = PBXProject;
			attributes = {
				BuildIndependentTargetsInParallel = 1;
				LastSwiftUpdateCheck = 1400;
				LastUpgradeCheck = 1340;
				TargetAttributes = {
					A73A74D028B18CE4007D28EE = {
						CreatedOnToolsVersion = 13.4.1;
					};
					A77CC9F228DAF459004F5555 = {
						CreatedOnToolsVersion = 14.0;
					};
				};
			};
			buildConfigurationList = A73A74CC28B18CE4007D28EE /* Build configuration list for PBXProject "UFCPlanning" */;
			compatibilityVersion = "Xcode 13.0";
			developmentRegion = en;
			hasScannedForEncodings = 0;
			knownRegions = (
				en,
				Base,
				fr,
			);
			mainGroup = A73A74C828B18CE4007D28EE;
			packageReferences = (
				A757213428CDD9880079A40A /* XCRemoteSwiftPackageReference "SFSafeSymbols" */,
			);
			productRefGroup = A73A74D228B18CE4007D28EE /* Products */;
			projectDirPath = "";
			projectRoot = "";
			targets = (
				A73A74D028B18CE4007D28EE /* UFCPlanning */,
				A77CC9F228DAF459004F5555 /* LockScreenWidgetExtension */,
			);
		};
/* End PBXProject section */

/* Begin PBXResourcesBuildPhase section */
		A73A74CF28B18CE4007D28EE /* Resources */ = {
			isa = PBXResourcesBuildPhase;
			buildActionMask = 2147483647;
			files = (
				A780FDFA28D5FB730003B6A6 /* OptionCell.xib in Resources */,
				A780FDFE28D5FE030003B6A6 /* GroupCell.xib in Resources */,
				A79D269528C616FD0069572D /* SubjectCell.xib in Resources */,
				A73A74E128B18CE5007D28EE /* LaunchScreen.storyboard in Resources */,
				A73A74DE28B18CE5007D28EE /* Assets.xcassets in Resources */,
				A768E5542905E445009E45FD /* Localizable.strings in Resources */,
				A780FDEC28D3C7750003B6A6 /* ButtonCell.xib in Resources */,
				A78B6DCC28D07C84000C96E0 /* ToggleCell.xib in Resources */,
				A73A74ED28B19316007D28EE /* swiftgen.yml in Resources */,
				A71549152907282100E0F71B /* InfoPlist.strings in Resources */,
				A780FDF028D3C7AA0003B6A6 /* UserCell.xib in Resources */,
			);
			runOnlyForDeploymentPostprocessing = 0;
		};
		A77CC9F128DAF459004F5555 /* Resources */ = {
			isa = PBXResourcesBuildPhase;
			buildActionMask = 2147483647;
			files = (
				A77CC9FC28DAF45A004F5555 /* Assets.xcassets in Resources */,
				A71549192907325500E0F71B /* Localizable.strings in Resources */,
			);
			runOnlyForDeploymentPostprocessing = 0;
		};
/* End PBXResourcesBuildPhase section */

/* Begin PBXSourcesBuildPhase section */
		A73A74CD28B18CE4007D28EE /* Sources */ = {
			isa = PBXSourcesBuildPhase;
			buildActionMask = 2147483647;
			files = (
				A716D34B28D8B91800D0E4F8 /* GroupsViewController.swift in Sources */,
				A73A74D928B18CE4007D28EE /* HomeViewController.swift in Sources */,
				A78B6DCB28D07C84000C96E0 /* ToggleCell.swift in Sources */,
				A7A99E4928C8ED9B0035D9C6 /* HomeViewModel.swift in Sources */,
				A780FDEB28D3C7750003B6A6 /* ButtonCell.swift in Sources */,
				A7F6C82628CF95CE00CDD3BF /* SettingsViewController.swift in Sources */,
				A716D34D28D8B9BB00D0E4F8 /* GroupsViewModel.swift in Sources */,
				A73A74D528B18CE4007D28EE /* AppDelegate.swift in Sources */,
				A73A74D728B18CE4007D28EE /* SceneDelegate.swift in Sources */,
				A780FDFD28D5FE030003B6A6 /* GroupCell.swift in Sources */,
				A7701B1128E7187C00E6420A /* WidgetError.swift in Sources */,
				A73A74EF28B1933C007D28EE /* XCAssets+Generated.swift in Sources */,
				A780FDF928D5FB730003B6A6 /* OptionCell.swift in Sources */,
				A79D269428C616FD0069572D /* SubjectCell.swift in Sources */,
				A780FDEF28D3C7AA0003B6A6 /* UserCell.swift in Sources */,
				A768E55B29068C13009E45FD /* L10n.swift in Sources */,
				A7F6C82828CF9DAB00CDD3BF /* SettingsViewModel.swift in Sources */,
			);
			runOnlyForDeploymentPostprocessing = 0;
		};
		A77CC9EF28DAF459004F5555 /* Sources */ = {
			isa = PBXSourcesBuildPhase;
			buildActionMask = 2147483647;
			files = (
				A7701B1228E719A300E6420A /* WidgetError.swift in Sources */,
				A77CC9FA28DAF459004F5555 /* LockScreenWidget.swift in Sources */,
				A715491A2907325900E0F71B /* L10n.swift in Sources */,
			);
			runOnlyForDeploymentPostprocessing = 0;
		};
/* End PBXSourcesBuildPhase section */

/* Begin PBXTargetDependency section */
		A77CC9FF28DAF45A004F5555 /* PBXTargetDependency */ = {
			isa = PBXTargetDependency;
			target = A77CC9F228DAF459004F5555 /* LockScreenWidgetExtension */;
			targetProxy = A77CC9FE28DAF45A004F5555 /* PBXContainerItemProxy */;
		};
/* End PBXTargetDependency section */

/* Begin PBXVariantGroup section */
		A71549172907282100E0F71B /* InfoPlist.strings */ = {
			isa = PBXVariantGroup;
			children = (
				A71549162907282100E0F71B /* en */,
				A71549182907282400E0F71B /* fr */,
			);
			name = InfoPlist.strings;
			sourceTree = "<group>";
		};
		A73A74DF28B18CE5007D28EE /* LaunchScreen.storyboard */ = {
			isa = PBXVariantGroup;
			children = (
				A73A74E028B18CE5007D28EE /* Base */,
			);
			name = LaunchScreen.storyboard;
			sourceTree = "<group>";
		};
		A768E5562905E445009E45FD /* Localizable.strings */ = {
			isa = PBXVariantGroup;
			children = (
				A768E5552905E445009E45FD /* en */,
				A768E5572905E447009E45FD /* fr */,
			);
			name = Localizable.strings;
			sourceTree = "<group>";
		};
/* End PBXVariantGroup section */

/* Begin XCBuildConfiguration section */
		A73A74E328B18CE5007D28EE /* Debug */ = {
			isa = XCBuildConfiguration;
			buildSettings = {
				ALWAYS_SEARCH_USER_PATHS = NO;
				CLANG_ANALYZER_LOCALIZABILITY_NONLOCALIZED = YES;
				CLANG_ANALYZER_NONNULL = YES;
				CLANG_ANALYZER_NUMBER_OBJECT_CONVERSION = YES_AGGRESSIVE;
				CLANG_CXX_LANGUAGE_STANDARD = "gnu++17";
				CLANG_ENABLE_MODULES = YES;
				CLANG_ENABLE_OBJC_ARC = YES;
				CLANG_ENABLE_OBJC_WEAK = YES;
				CLANG_WARN_BLOCK_CAPTURE_AUTORELEASING = YES;
				CLANG_WARN_BOOL_CONVERSION = YES;
				CLANG_WARN_COMMA = YES;
				CLANG_WARN_CONSTANT_CONVERSION = YES;
				CLANG_WARN_DEPRECATED_OBJC_IMPLEMENTATIONS = YES;
				CLANG_WARN_DIRECT_OBJC_ISA_USAGE = YES_ERROR;
				CLANG_WARN_DOCUMENTATION_COMMENTS = YES;
				CLANG_WARN_EMPTY_BODY = YES;
				CLANG_WARN_ENUM_CONVERSION = YES;
				CLANG_WARN_INFINITE_RECURSION = YES;
				CLANG_WARN_INT_CONVERSION = YES;
				CLANG_WARN_NON_LITERAL_NULL_CONVERSION = YES;
				CLANG_WARN_OBJC_IMPLICIT_RETAIN_SELF = YES;
				CLANG_WARN_OBJC_LITERAL_CONVERSION = YES;
				CLANG_WARN_OBJC_ROOT_CLASS = YES_ERROR;
				CLANG_WARN_QUOTED_INCLUDE_IN_FRAMEWORK_HEADER = YES;
				CLANG_WARN_RANGE_LOOP_ANALYSIS = YES;
				CLANG_WARN_STRICT_PROTOTYPES = YES;
				CLANG_WARN_SUSPICIOUS_MOVE = YES;
				CLANG_WARN_UNGUARDED_AVAILABILITY = YES_AGGRESSIVE;
				CLANG_WARN_UNREACHABLE_CODE = YES;
				CLANG_WARN__DUPLICATE_METHOD_MATCH = YES;
				COPY_PHASE_STRIP = NO;
				DEBUG_INFORMATION_FORMAT = dwarf;
				ENABLE_STRICT_OBJC_MSGSEND = YES;
				ENABLE_TESTABILITY = YES;
				GCC_C_LANGUAGE_STANDARD = gnu11;
				GCC_DYNAMIC_NO_PIC = NO;
				GCC_NO_COMMON_BLOCKS = YES;
				GCC_OPTIMIZATION_LEVEL = 0;
				GCC_PREPROCESSOR_DEFINITIONS = (
					"DEBUG=1",
					"$(inherited)",
				);
				GCC_WARN_64_TO_32_BIT_CONVERSION = YES;
				GCC_WARN_ABOUT_RETURN_TYPE = YES_ERROR;
				GCC_WARN_UNDECLARED_SELECTOR = YES;
				GCC_WARN_UNINITIALIZED_AUTOS = YES_AGGRESSIVE;
				GCC_WARN_UNUSED_FUNCTION = YES;
				GCC_WARN_UNUSED_VARIABLE = YES;
				IPHONEOS_DEPLOYMENT_TARGET = 15.0;
				MTL_ENABLE_DEBUG_INFO = INCLUDE_SOURCE;
				MTL_FAST_MATH = YES;
				ONLY_ACTIVE_ARCH = YES;
				SDKROOT = iphoneos;
				SWIFT_ACTIVE_COMPILATION_CONDITIONS = DEBUG;
				SWIFT_OPTIMIZATION_LEVEL = "-Onone";
			};
			name = Debug;
		};
		A73A74E428B18CE5007D28EE /* Release */ = {
			isa = XCBuildConfiguration;
			buildSettings = {
				ALWAYS_SEARCH_USER_PATHS = NO;
				CLANG_ANALYZER_LOCALIZABILITY_NONLOCALIZED = YES;
				CLANG_ANALYZER_NONNULL = YES;
				CLANG_ANALYZER_NUMBER_OBJECT_CONVERSION = YES_AGGRESSIVE;
				CLANG_CXX_LANGUAGE_STANDARD = "gnu++17";
				CLANG_ENABLE_MODULES = YES;
				CLANG_ENABLE_OBJC_ARC = YES;
				CLANG_ENABLE_OBJC_WEAK = YES;
				CLANG_WARN_BLOCK_CAPTURE_AUTORELEASING = YES;
				CLANG_WARN_BOOL_CONVERSION = YES;
				CLANG_WARN_COMMA = YES;
				CLANG_WARN_CONSTANT_CONVERSION = YES;
				CLANG_WARN_DEPRECATED_OBJC_IMPLEMENTATIONS = YES;
				CLANG_WARN_DIRECT_OBJC_ISA_USAGE = YES_ERROR;
				CLANG_WARN_DOCUMENTATION_COMMENTS = YES;
				CLANG_WARN_EMPTY_BODY = YES;
				CLANG_WARN_ENUM_CONVERSION = YES;
				CLANG_WARN_INFINITE_RECURSION = YES;
				CLANG_WARN_INT_CONVERSION = YES;
				CLANG_WARN_NON_LITERAL_NULL_CONVERSION = YES;
				CLANG_WARN_OBJC_IMPLICIT_RETAIN_SELF = YES;
				CLANG_WARN_OBJC_LITERAL_CONVERSION = YES;
				CLANG_WARN_OBJC_ROOT_CLASS = YES_ERROR;
				CLANG_WARN_QUOTED_INCLUDE_IN_FRAMEWORK_HEADER = YES;
				CLANG_WARN_RANGE_LOOP_ANALYSIS = YES;
				CLANG_WARN_STRICT_PROTOTYPES = YES;
				CLANG_WARN_SUSPICIOUS_MOVE = YES;
				CLANG_WARN_UNGUARDED_AVAILABILITY = YES_AGGRESSIVE;
				CLANG_WARN_UNREACHABLE_CODE = YES;
				CLANG_WARN__DUPLICATE_METHOD_MATCH = YES;
				COPY_PHASE_STRIP = NO;
				DEBUG_INFORMATION_FORMAT = "dwarf-with-dsym";
				ENABLE_NS_ASSERTIONS = NO;
				ENABLE_STRICT_OBJC_MSGSEND = YES;
				GCC_C_LANGUAGE_STANDARD = gnu11;
				GCC_NO_COMMON_BLOCKS = YES;
				GCC_WARN_64_TO_32_BIT_CONVERSION = YES;
				GCC_WARN_ABOUT_RETURN_TYPE = YES_ERROR;
				GCC_WARN_UNDECLARED_SELECTOR = YES;
				GCC_WARN_UNINITIALIZED_AUTOS = YES_AGGRESSIVE;
				GCC_WARN_UNUSED_FUNCTION = YES;
				GCC_WARN_UNUSED_VARIABLE = YES;
				IPHONEOS_DEPLOYMENT_TARGET = 15.0;
				MTL_ENABLE_DEBUG_INFO = NO;
				MTL_FAST_MATH = YES;
				SDKROOT = iphoneos;
				SWIFT_COMPILATION_MODE = wholemodule;
				SWIFT_OPTIMIZATION_LEVEL = "-O";
				VALIDATE_PRODUCT = YES;
			};
			name = Release;
		};
		A73A74E628B18CE5007D28EE /* Debug */ = {
			isa = XCBuildConfiguration;
			buildSettings = {
				ALWAYS_EMBED_SWIFT_STANDARD_LIBRARIES = YES;
				ASSETCATALOG_COMPILER_APPICON_NAME = AppIcon;
				ASSETCATALOG_COMPILER_GLOBAL_ACCENT_COLOR_NAME = AccentColor;
				CODE_SIGN_ENTITLEMENTS = UFCPlanning/UFCPlanning.entitlements;
				CODE_SIGN_STYLE = Automatic;
				CURRENT_PROJECT_VERSION = 1;
				DEVELOPMENT_TEAM = LYG6796H6N;
				GENERATE_INFOPLIST_FILE = YES;
				INFOPLIST_FILE = UFCPlanning/Resources/Info.plist;
				INFOPLIST_KEY_CFBundleDisplayName = "UFC Planning";
				INFOPLIST_KEY_UIApplicationSupportsIndirectInputEvents = YES;
				INFOPLIST_KEY_UILaunchStoryboardName = LaunchScreen;
				INFOPLIST_KEY_UISupportedInterfaceOrientations = UIInterfaceOrientationPortrait;
				INFOPLIST_KEY_UISupportedInterfaceOrientations_iPad = "UIInterfaceOrientationPortrait UIInterfaceOrientationPortraitUpsideDown UIInterfaceOrientationLandscapeLeft UIInterfaceOrientationLandscapeRight";
				INFOPLIST_KEY_UISupportedInterfaceOrientations_iPhone = "UIInterfaceOrientationPortrait UIInterfaceOrientationLandscapeLeft UIInterfaceOrientationLandscapeRight";
				IPHONEOS_DEPLOYMENT_TARGET = 15.0;
				LD_RUNPATH_SEARCH_PATHS = (
					"$(inherited)",
					"@executable_path/Frameworks",
				);
				MARKETING_VERSION = 1.2.2;
				PRODUCT_BUNDLE_IDENTIFIER = fr.valentinperignon.UFCPlanning;
				PRODUCT_NAME = "$(TARGET_NAME)";
				SUPPORTED_PLATFORMS = "iphoneos iphonesimulator";
				SUPPORTS_MACCATALYST = NO;
				SUPPORTS_MAC_DESIGNED_FOR_IPHONE_IPAD = NO;
				SWIFT_EMIT_LOC_STRINGS = YES;
				SWIFT_VERSION = 5.0;
				TARGETED_DEVICE_FAMILY = 1;
			};
			name = Debug;
		};
		A73A74E728B18CE5007D28EE /* Release */ = {
			isa = XCBuildConfiguration;
			buildSettings = {
				ALWAYS_EMBED_SWIFT_STANDARD_LIBRARIES = YES;
				ASSETCATALOG_COMPILER_APPICON_NAME = AppIcon;
				ASSETCATALOG_COMPILER_GLOBAL_ACCENT_COLOR_NAME = AccentColor;
				CODE_SIGN_ENTITLEMENTS = UFCPlanning/UFCPlanning.entitlements;
				CODE_SIGN_STYLE = Automatic;
				CURRENT_PROJECT_VERSION = 1;
				DEVELOPMENT_TEAM = LYG6796H6N;
				GENERATE_INFOPLIST_FILE = YES;
				INFOPLIST_FILE = UFCPlanning/Resources/Info.plist;
				INFOPLIST_KEY_CFBundleDisplayName = "UFC Planning";
				INFOPLIST_KEY_UIApplicationSupportsIndirectInputEvents = YES;
				INFOPLIST_KEY_UILaunchStoryboardName = LaunchScreen;
				INFOPLIST_KEY_UISupportedInterfaceOrientations = UIInterfaceOrientationPortrait;
				INFOPLIST_KEY_UISupportedInterfaceOrientations_iPad = "UIInterfaceOrientationPortrait UIInterfaceOrientationPortraitUpsideDown UIInterfaceOrientationLandscapeLeft UIInterfaceOrientationLandscapeRight";
				INFOPLIST_KEY_UISupportedInterfaceOrientations_iPhone = "UIInterfaceOrientationPortrait UIInterfaceOrientationLandscapeLeft UIInterfaceOrientationLandscapeRight";
				IPHONEOS_DEPLOYMENT_TARGET = 15.0;
				LD_RUNPATH_SEARCH_PATHS = (
					"$(inherited)",
					"@executable_path/Frameworks",
				);
				MARKETING_VERSION = 1.2.2;
				PRODUCT_BUNDLE_IDENTIFIER = fr.valentinperignon.UFCPlanning;
				PRODUCT_NAME = "$(TARGET_NAME)";
				SUPPORTED_PLATFORMS = "iphoneos iphonesimulator";
				SUPPORTS_MACCATALYST = NO;
				SUPPORTS_MAC_DESIGNED_FOR_IPHONE_IPAD = NO;
				SWIFT_EMIT_LOC_STRINGS = YES;
				SWIFT_VERSION = 5.0;
				TARGETED_DEVICE_FAMILY = 1;
			};
			name = Release;
		};
		A77CCA0228DAF45A004F5555 /* Debug */ = {
			isa = XCBuildConfiguration;
			buildSettings = {
				ASSETCATALOG_COMPILER_GLOBAL_ACCENT_COLOR_NAME = AccentColor;
				ASSETCATALOG_COMPILER_WIDGET_BACKGROUND_COLOR_NAME = WidgetBackground;
				CLANG_CXX_LANGUAGE_STANDARD = "gnu++20";
				CODE_SIGN_ENTITLEMENTS = LockScreenWidgetExtension.entitlements;
				CODE_SIGN_STYLE = Automatic;
				CURRENT_PROJECT_VERSION = 1;
				DEVELOPMENT_TEAM = LYG6796H6N;
				GENERATE_INFOPLIST_FILE = YES;
				INFOPLIST_FILE = LockScreenWidget/Info.plist;
				INFOPLIST_KEY_CFBundleDisplayName = LockScreenWidget;
				INFOPLIST_KEY_NSHumanReadableCopyright = "";
				IPHONEOS_DEPLOYMENT_TARGET = 16.0;
				LD_RUNPATH_SEARCH_PATHS = (
					"$(inherited)",
					"@executable_path/Frameworks",
					"@executable_path/../../Frameworks",
				);
				MARKETING_VERSION = 1.2.2;
				PRODUCT_BUNDLE_IDENTIFIER = fr.valentinperignon.UFCPlanning.LockScreenWidget;
				PRODUCT_NAME = "$(TARGET_NAME)";
				SKIP_INSTALL = YES;
				SWIFT_EMIT_LOC_STRINGS = YES;
				SWIFT_VERSION = 5.0;
				TARGETED_DEVICE_FAMILY = "1,2";
			};
			name = Debug;
		};
		A77CCA0328DAF45A004F5555 /* Release */ = {
			isa = XCBuildConfiguration;
			buildSettings = {
				ASSETCATALOG_COMPILER_GLOBAL_ACCENT_COLOR_NAME = AccentColor;
				ASSETCATALOG_COMPILER_WIDGET_BACKGROUND_COLOR_NAME = WidgetBackground;
				CLANG_CXX_LANGUAGE_STANDARD = "gnu++20";
				CODE_SIGN_ENTITLEMENTS = LockScreenWidgetExtension.entitlements;
				CODE_SIGN_STYLE = Automatic;
				CURRENT_PROJECT_VERSION = 1;
				DEVELOPMENT_TEAM = LYG6796H6N;
				GENERATE_INFOPLIST_FILE = YES;
				INFOPLIST_FILE = LockScreenWidget/Info.plist;
				INFOPLIST_KEY_CFBundleDisplayName = LockScreenWidget;
				INFOPLIST_KEY_NSHumanReadableCopyright = "";
				IPHONEOS_DEPLOYMENT_TARGET = 16.0;
				LD_RUNPATH_SEARCH_PATHS = (
					"$(inherited)",
					"@executable_path/Frameworks",
					"@executable_path/../../Frameworks",
				);
				MARKETING_VERSION = 1.2.2;
				PRODUCT_BUNDLE_IDENTIFIER = fr.valentinperignon.UFCPlanning.LockScreenWidget;
				PRODUCT_NAME = "$(TARGET_NAME)";
				SKIP_INSTALL = YES;
				SWIFT_EMIT_LOC_STRINGS = YES;
				SWIFT_VERSION = 5.0;
				TARGETED_DEVICE_FAMILY = "1,2";
			};
			name = Release;
		};
/* End XCBuildConfiguration section */

/* Begin XCConfigurationList section */
		A73A74CC28B18CE4007D28EE /* Build configuration list for PBXProject "UFCPlanning" */ = {
			isa = XCConfigurationList;
			buildConfigurations = (
				A73A74E328B18CE5007D28EE /* Debug */,
				A73A74E428B18CE5007D28EE /* Release */,
			);
			defaultConfigurationIsVisible = 0;
			defaultConfigurationName = Release;
		};
		A73A74E528B18CE5007D28EE /* Build configuration list for PBXNativeTarget "UFCPlanning" */ = {
			isa = XCConfigurationList;
			buildConfigurations = (
				A73A74E628B18CE5007D28EE /* Debug */,
				A73A74E728B18CE5007D28EE /* Release */,
			);
			defaultConfigurationIsVisible = 0;
			defaultConfigurationName = Release;
		};
		A77CCA0128DAF45A004F5555 /* Build configuration list for PBXNativeTarget "LockScreenWidgetExtension" */ = {
			isa = XCConfigurationList;
			buildConfigurations = (
				A77CCA0228DAF45A004F5555 /* Debug */,
				A77CCA0328DAF45A004F5555 /* Release */,
			);
			defaultConfigurationIsVisible = 0;
			defaultConfigurationName = Release;
		};
/* End XCConfigurationList section */

/* Begin XCRemoteSwiftPackageReference section */
		A757213428CDD9880079A40A /* XCRemoteSwiftPackageReference "SFSafeSymbols" */ = {
			isa = XCRemoteSwiftPackageReference;
			repositoryURL = "https://github.com/SFSafeSymbols/SFSafeSymbols.git";
			requirement = {
				kind = upToNextMajorVersion;
				minimumVersion = 3.0.0;
			};
		};
/* End XCRemoteSwiftPackageReference section */

/* Begin XCSwiftPackageProductDependency section */
		A757213528CDD9880079A40A /* SFSafeSymbols */ = {
			isa = XCSwiftPackageProductDependency;
			package = A757213428CDD9880079A40A /* XCRemoteSwiftPackageReference "SFSafeSymbols" */;
			productName = SFSafeSymbols;
		};
		A77CCA0528DAF73C004F5555 /* UFCPlanningCore */ = {
			isa = XCSwiftPackageProductDependency;
			productName = UFCPlanningCore;
		};
		A7CFCA5F28B8112C00051426 /* UFCPlanningCore */ = {
			isa = XCSwiftPackageProductDependency;
			productName = UFCPlanningCore;
		};
/* End XCSwiftPackageProductDependency section */
	};
	rootObject = A73A74C928B18CE4007D28EE /* Project object */;
}
