{
  "pins" : [
    {
      "identity" : "realm-core",
      "kind" : "remoteSourceControl",
      "location" : "https://github.com/realm/realm-core",
      "state" : {
        "revision" : "b86d2107fec4246b55af24a3b11e00275575f808",
        "version" : "12.9.0"
      }
    },
    {
      "identity" : "realm-swift",
      "kind" : "remoteSourceControl",
      "location" : "https://github.com/realm/realm-swift.git",
      "state" : {
        "revision" : "7055d820a133da4395742758bd48bab0841cc4bf",
        "version" : "10.32.0"
      }
    },
    {
      "identity" : "sfsafesymbols",
      "kind" : "remoteSourceControl",
      "location" : "https://github.com/SFSafeSymbols/SFSafeSymbols.git",
      "state" : {
        "revision" : "c8c33d947d8a1c883aa19fd24e14fd738b06e369",
        "version" : "3.3.2"
      }
    }
  ],
  "version" : 2
}
